
Microsoft Visual Studio Solution File, Format Version 12.00
# Visual Studio Version 16
VisualStudioVersion = 16.0.30717.126
MinimumVisualStudioVersion = 10.0.40219.1
Project("{FAE04EC0-301F-11D3-BF4B-00C04F79EFBC}") = "Day6", "Day6\Day6.csproj", "{8CB74F25-D469-405A-976A-8DBC5271AFD7}"
EndProject
Global
	GlobalSection(SolutionConfigurationPlatforms) = preSolution
		Debug|Any CPU = Debug|Any CPU
		Release|Any CPU = Release|Any CPU
	EndGlobalSection
	GlobalSection(ProjectConfigurationPlatforms) = postSolution
		{8CB74F25-D469-405A-976A-8DBC5271AFD7}.Debug|Any CPU.ActiveCfg = Debug|Any CPU
		{8CB74F25-D469-405A-976A-8DBC5271AFD7}.Debug|Any CPU.Build.0 = Debug|Any CPU
		{8CB74F25-D469-405A-976A-8DBC5271AFD7}.Release|Any CPU.ActiveCfg = Release|Any CPU
		{8CB74F25-D469-405A-976A-8DBC5271AFD7}.Release|Any CPU.Build.0 = Release|Any CPU
	EndGlobalSection
	GlobalSection(SolutionProperties) = preSolution
		HideSolutionNode = FALSE
	EndGlobalSection
	GlobalSection(ExtensibilityGlobals) = postSolution
		SolutionGuid = {C6F6F9D4-8609-4E20-B652-9D41B60BF224}
	EndGlobalSection
EndGlobal
