
Microsoft Visual Studio Solution File, Format Version 12.00
# Visual Studio Version 16
VisualStudioVersion = 16.0.30717.126
MinimumVisualStudioVersion = 10.0.40219.1
Project("{FAE04EC0-301F-11D3-BF4B-00C04F79EFBC}") = "BitCoin", "BitCoin\BitCoin.csproj", "{7256F1F5-98B8-4E05-8A39-C0B7AB07A82B}"
EndProject
Global
	GlobalSection(SolutionConfigurationPlatforms) = preSolution
		Debug|Any CPU = Debug|Any CPU
		Release|Any CPU = Release|Any CPU
	EndGlobalSection
	GlobalSection(ProjectConfigurationPlatforms) = postSolution
		{7256F1F5-98B8-4E05-8A39-C0B7AB07A82B}.Debug|Any CPU.ActiveCfg = Debug|Any CPU
		{7256F1F5-98B8-4E05-8A39-C0B7AB07A82B}.Debug|Any CPU.Build.0 = Debug|Any CPU
		{7256F1F5-98B8-4E05-8A39-C0B7AB07A82B}.Release|Any CPU.ActiveCfg = Release|Any CPU
		{7256F1F5-98B8-4E05-8A39-C0B7AB07A82B}.Release|Any CPU.Build.0 = Release|Any CPU
	EndGlobalSection
	GlobalSection(SolutionProperties) = preSolution
		HideSolutionNode = FALSE
	EndGlobalSection
	GlobalSection(ExtensibilityGlobals) = postSolution
		SolutionGuid = {FB70BCE4-45F0-4367-B592-D9D73481A3BC}
	EndGlobalSection
EndGlobal
