
Microsoft Visual Studio Solution File, Format Version 12.00
# Visual Studio Version 16
VisualStudioVersion = 16.0.30717.126
MinimumVisualStudioVersion = 10.0.40219.1
Project("{FAE04EC0-301F-11D3-BF4B-00C04F79EFBC}") = "ConsoleApp2", "ConsoleApp2\ConsoleApp2.csproj", "{FF48E183-82DB-4335-B812-31BA8D3A4DDD}"
EndProject
Global
	GlobalSection(SolutionConfigurationPlatforms) = preSolution
		Debug|Any CPU = Debug|Any CPU
		Release|Any CPU = Release|Any CPU
	EndGlobalSection
	GlobalSection(ProjectConfigurationPlatforms) = postSolution
		{FF48E183-82DB-4335-B812-31BA8D3A4DDD}.Debug|Any CPU.ActiveCfg = Debug|Any CPU
		{FF48E183-82DB-4335-B812-31BA8D3A4DDD}.Debug|Any CPU.Build.0 = Debug|Any CPU
		{FF48E183-82DB-4335-B812-31BA8D3A4DDD}.Release|Any CPU.ActiveCfg = Release|Any CPU
		{FF48E183-82DB-4335-B812-31BA8D3A4DDD}.Release|Any CPU.Build.0 = Release|Any CPU
	EndGlobalSection
	GlobalSection(SolutionProperties) = preSolution
		HideSolutionNode = FALSE
	EndGlobalSection
	GlobalSection(ExtensibilityGlobals) = postSolution
		SolutionGuid = {D7AD8416-530E-4DF9-88CC-DBA4142E0E70}
	EndGlobalSection
EndGlobal
