
Microsoft Visual Studio Solution File, Format Version 12.00
# Visual Studio Version 16
VisualStudioVersion = 16.0.30804.86
MinimumVisualStudioVersion = 10.0.40219.1
Project("{FAE04EC0-301F-11D3-BF4B-00C04F79EFBC}") = "Winform", "Winform\Winform.csproj", "{6649324B-1D8C-4871-A39F-A5303BE74ADC}"
EndProject
Global
	GlobalSection(SolutionConfigurationPlatforms) = preSolution
		Debug|Any CPU = Debug|Any CPU
		Release|Any CPU = Release|Any CPU
	EndGlobalSection
	GlobalSection(ProjectConfigurationPlatforms) = postSolution
		{6649324B-1D8C-4871-A39F-A5303BE74ADC}.Debug|Any CPU.ActiveCfg = Debug|Any CPU
		{6649324B-1D8C-4871-A39F-A5303BE74ADC}.Debug|Any CPU.Build.0 = Debug|Any CPU
		{6649324B-1D8C-4871-A39F-A5303BE74ADC}.Release|Any CPU.ActiveCfg = Release|Any CPU
		{6649324B-1D8C-4871-A39F-A5303BE74ADC}.Release|Any CPU.Build.0 = Release|Any CPU
	EndGlobalSection
	GlobalSection(SolutionProperties) = preSolution
		HideSolutionNode = FALSE
	EndGlobalSection
	GlobalSection(ExtensibilityGlobals) = postSolution
		SolutionGuid = {F6103492-78DC-43C2-BB0A-A9849FC4CB27}
	EndGlobalSection
EndGlobal
