
Microsoft Visual Studio Solution File, Format Version 12.00
# Visual Studio Version 16
VisualStudioVersion = 16.0.31129.286
MinimumVisualStudioVersion = 10.0.40219.1
Project("{FAE04EC0-301F-11D3-BF4B-00C04F79EFBC}") = "Overloading", "Overloading\Overloading.csproj", "{D34561BC-17EF-43C1-B28E-6F04B0BC6471}"
EndProject
Global
	GlobalSection(SolutionConfigurationPlatforms) = preSolution
		Debug|Any CPU = Debug|Any CPU
		Release|Any CPU = Release|Any CPU
	EndGlobalSection
	GlobalSection(ProjectConfigurationPlatforms) = postSolution
		{D34561BC-17EF-43C1-B28E-6F04B0BC6471}.Debug|Any CPU.ActiveCfg = Debug|Any CPU
		{D34561BC-17EF-43C1-B28E-6F04B0BC6471}.Debug|Any CPU.Build.0 = Debug|Any CPU
		{D34561BC-17EF-43C1-B28E-6F04B0BC6471}.Release|Any CPU.ActiveCfg = Release|Any CPU
		{D34561BC-17EF-43C1-B28E-6F04B0BC6471}.Release|Any CPU.Build.0 = Release|Any CPU
	EndGlobalSection
	GlobalSection(SolutionProperties) = preSolution
		HideSolutionNode = FALSE
	EndGlobalSection
	GlobalSection(ExtensibilityGlobals) = postSolution
		SolutionGuid = {C8CE8C31-8864-41B5-B963-2E7FE64F7C5B}
	EndGlobalSection
EndGlobal
