
Microsoft Visual Studio Solution File, Format Version 12.00
# Visual Studio Version 16
VisualStudioVersion = 16.0.30717.126
MinimumVisualStudioVersion = 10.0.40219.1
Project("{FAE04EC0-301F-11D3-BF4B-00C04F79EFBC}") = "Verysimpleex", "Verysimpleex\Verysimpleex.csproj", "{27CD377D-7182-40B2-96E8-D4631AD4F665}"
EndProject
Global
	GlobalSection(SolutionConfigurationPlatforms) = preSolution
		Debug|Any CPU = Debug|Any CPU
		Release|Any CPU = Release|Any CPU
	EndGlobalSection
	GlobalSection(ProjectConfigurationPlatforms) = postSolution
		{27CD377D-7182-40B2-96E8-D4631AD4F665}.Debug|Any CPU.ActiveCfg = Debug|Any CPU
		{27CD377D-7182-40B2-96E8-D4631AD4F665}.Debug|Any CPU.Build.0 = Debug|Any CPU
		{27CD377D-7182-40B2-96E8-D4631AD4F665}.Release|Any CPU.ActiveCfg = Release|Any CPU
		{27CD377D-7182-40B2-96E8-D4631AD4F665}.Release|Any CPU.Build.0 = Release|Any CPU
	EndGlobalSection
	GlobalSection(SolutionProperties) = preSolution
		HideSolutionNode = FALSE
	EndGlobalSection
	GlobalSection(ExtensibilityGlobals) = postSolution
		SolutionGuid = {BDB8CF70-C38C-466F-B404-9A5EB5C6FA06}
	EndGlobalSection
EndGlobal
