
Microsoft Visual Studio Solution File, Format Version 12.00
# Visual Studio Version 16
VisualStudioVersion = 16.0.30717.126
MinimumVisualStudioVersion = 10.0.40219.1
Project("{FAE04EC0-301F-11D3-BF4B-00C04F79EFBC}") = "Day7", "Day7\Day7.csproj", "{20C9585D-2F83-4247-A2C3-E6CA9927E2B1}"
EndProject
Global
	GlobalSection(SolutionConfigurationPlatforms) = preSolution
		Debug|Any CPU = Debug|Any CPU
		Release|Any CPU = Release|Any CPU
	EndGlobalSection
	GlobalSection(ProjectConfigurationPlatforms) = postSolution
		{20C9585D-2F83-4247-A2C3-E6CA9927E2B1}.Debug|Any CPU.ActiveCfg = Debug|Any CPU
		{20C9585D-2F83-4247-A2C3-E6CA9927E2B1}.Debug|Any CPU.Build.0 = Debug|Any CPU
		{20C9585D-2F83-4247-A2C3-E6CA9927E2B1}.Release|Any CPU.ActiveCfg = Release|Any CPU
		{20C9585D-2F83-4247-A2C3-E6CA9927E2B1}.Release|Any CPU.Build.0 = Release|Any CPU
	EndGlobalSection
	GlobalSection(SolutionProperties) = preSolution
		HideSolutionNode = FALSE
	EndGlobalSection
	GlobalSection(ExtensibilityGlobals) = postSolution
		SolutionGuid = {14BC03DE-E9FE-4D9C-BA63-C95838DF037E}
	EndGlobalSection
EndGlobal
