
Microsoft Visual Studio Solution File, Format Version 12.00
# Visual Studio Version 16
VisualStudioVersion = 16.0.30717.126
MinimumVisualStudioVersion = 10.0.40219.1
Project("{FAE04EC0-301F-11D3-BF4B-00C04F79EFBC}") = "Example1", "Example1\Example1.csproj", "{4EECDF72-1586-4510-B0D2-432750D87130}"
EndProject
Global
	GlobalSection(SolutionConfigurationPlatforms) = preSolution
		Debug|Any CPU = Debug|Any CPU
		Release|Any CPU = Release|Any CPU
	EndGlobalSection
	GlobalSection(ProjectConfigurationPlatforms) = postSolution
		{4EECDF72-1586-4510-B0D2-432750D87130}.Debug|Any CPU.ActiveCfg = Debug|Any CPU
		{4EECDF72-1586-4510-B0D2-432750D87130}.Debug|Any CPU.Build.0 = Debug|Any CPU
		{4EECDF72-1586-4510-B0D2-432750D87130}.Release|Any CPU.ActiveCfg = Release|Any CPU
		{4EECDF72-1586-4510-B0D2-432750D87130}.Release|Any CPU.Build.0 = Release|Any CPU
	EndGlobalSection
	GlobalSection(SolutionProperties) = preSolution
		HideSolutionNode = FALSE
	EndGlobalSection
	GlobalSection(ExtensibilityGlobals) = postSolution
		SolutionGuid = {45814E65-1E9C-4BDF-A267-261FC65E43B8}
	EndGlobalSection
EndGlobal
