
Microsoft Visual Studio Solution File, Format Version 12.00
# Visual Studio Version 16
VisualStudioVersion = 16.0.30717.126
MinimumVisualStudioVersion = 10.0.40219.1
Project("{FAE04EC0-301F-11D3-BF4B-00C04F79EFBC}") = "Loginform", "Loginform\Loginform.csproj", "{01720DD2-F5EB-42FF-943E-3056B9E82A47}"
EndProject
Global
	GlobalSection(SolutionConfigurationPlatforms) = preSolution
		Debug|Any CPU = Debug|Any CPU
		Release|Any CPU = Release|Any CPU
	EndGlobalSection
	GlobalSection(ProjectConfigurationPlatforms) = postSolution
		{01720DD2-F5EB-42FF-943E-3056B9E82A47}.Debug|Any CPU.ActiveCfg = Debug|Any CPU
		{01720DD2-F5EB-42FF-943E-3056B9E82A47}.Debug|Any CPU.Build.0 = Debug|Any CPU
		{01720DD2-F5EB-42FF-943E-3056B9E82A47}.Release|Any CPU.ActiveCfg = Release|Any CPU
		{01720DD2-F5EB-42FF-943E-3056B9E82A47}.Release|Any CPU.Build.0 = Release|Any CPU
	EndGlobalSection
	GlobalSection(SolutionProperties) = preSolution
		HideSolutionNode = FALSE
	EndGlobalSection
	GlobalSection(ExtensibilityGlobals) = postSolution
		SolutionGuid = {4F42FA28-CAD9-433F-827C-176FD3B5E9CC}
	EndGlobalSection
EndGlobal
