
Microsoft Visual Studio Solution File, Format Version 12.00
# Visual Studio Version 16
VisualStudioVersion = 16.0.30717.126
MinimumVisualStudioVersion = 10.0.40219.1
Project("{FAE04EC0-301F-11D3-BF4B-00C04F79EFBC}") = "Day4", "Day4\Day4.csproj", "{3DF9B3DC-3039-40C7-9A2C-9577414B3E9D}"
EndProject
Global
	GlobalSection(SolutionConfigurationPlatforms) = preSolution
		Debug|Any CPU = Debug|Any CPU
		Release|Any CPU = Release|Any CPU
	EndGlobalSection
	GlobalSection(ProjectConfigurationPlatforms) = postSolution
		{3DF9B3DC-3039-40C7-9A2C-9577414B3E9D}.Debug|Any CPU.ActiveCfg = Debug|Any CPU
		{3DF9B3DC-3039-40C7-9A2C-9577414B3E9D}.Debug|Any CPU.Build.0 = Debug|Any CPU
		{3DF9B3DC-3039-40C7-9A2C-9577414B3E9D}.Release|Any CPU.ActiveCfg = Release|Any CPU
		{3DF9B3DC-3039-40C7-9A2C-9577414B3E9D}.Release|Any CPU.Build.0 = Release|Any CPU
	EndGlobalSection
	GlobalSection(SolutionProperties) = preSolution
		HideSolutionNode = FALSE
	EndGlobalSection
	GlobalSection(ExtensibilityGlobals) = postSolution
		SolutionGuid = {C8C4B47A-8E7E-42D2-B687-E3BE20FE4914}
	EndGlobalSection
EndGlobal
