
Microsoft Visual Studio Solution File, Format Version 12.00
# Visual Studio Version 16
VisualStudioVersion = 16.0.30717.126
MinimumVisualStudioVersion = 10.0.40219.1
Project("{FAE04EC0-301F-11D3-BF4B-00C04F79EFBC}") = "CustomerManager", "CustomerManager\CustomerManager.csproj", "{154F1AB7-8A96-43B0-B754-2463E6271CCD}"
EndProject
Global
	GlobalSection(SolutionConfigurationPlatforms) = preSolution
		Debug|Any CPU = Debug|Any CPU
		Release|Any CPU = Release|Any CPU
	EndGlobalSection
	GlobalSection(ProjectConfigurationPlatforms) = postSolution
		{154F1AB7-8A96-43B0-B754-2463E6271CCD}.Debug|Any CPU.ActiveCfg = Debug|Any CPU
		{154F1AB7-8A96-43B0-B754-2463E6271CCD}.Debug|Any CPU.Build.0 = Debug|Any CPU
		{154F1AB7-8A96-43B0-B754-2463E6271CCD}.Release|Any CPU.ActiveCfg = Release|Any CPU
		{154F1AB7-8A96-43B0-B754-2463E6271CCD}.Release|Any CPU.Build.0 = Release|Any CPU
	EndGlobalSection
	GlobalSection(SolutionProperties) = preSolution
		HideSolutionNode = FALSE
	EndGlobalSection
	GlobalSection(ExtensibilityGlobals) = postSolution
		SolutionGuid = {8023621E-231E-4B4E-B50E-146DAEF77759}
	EndGlobalSection
EndGlobal
